
Microsoft Visual Studio Solution File, Format Version 12.00
# Visual Studio Version 16
VisualStudioVersion = 16.0.30717.126
MinimumVisualStudioVersion = 10.0.40219.1
Project("{FAE04EC0-301F-11D3-BF4B-00C04F79EFBC}") = "EmprestaBurracha", "EmprestaBurracha\EmprestaBurracha.csproj", "{65EF59AB-2573-4427-B48B-6BEA7EE25C47}"
EndProject
Global
	GlobalSection(SolutionConfigurationPlatforms) = preSolution
		Debug|Any CPU = Debug|Any CPU
		Release|Any CPU = Release|Any CPU
	EndGlobalSection
	GlobalSection(ProjectConfigurationPlatforms) = postSolution
		{65EF59AB-2573-4427-B48B-6BEA7EE25C47}.Debug|Any CPU.ActiveCfg = Debug|Any CPU
		{65EF59AB-2573-4427-B48B-6BEA7EE25C47}.Debug|Any CPU.Build.0 = Debug|Any CPU
		{65EF59AB-2573-4427-B48B-6BEA7EE25C47}.Release|Any CPU.ActiveCfg = Release|Any CPU
		{65EF59AB-2573-4427-B48B-6BEA7EE25C47}.Release|Any CPU.Build.0 = Release|Any CPU
	EndGlobalSection
	GlobalSection(SolutionProperties) = preSolution
		HideSolutionNode = FALSE
	EndGlobalSection
	GlobalSection(ExtensibilityGlobals) = postSolution
		SolutionGuid = {4EE77F0D-EE48-4C13-85BB-DB64F8725ADB}
	EndGlobalSection
EndGlobal
